// !$*UTF8*$!
{
	archiveVersion = 1;
	classes = {
	};
	objectVersion = 50;
	objects = {

/* Begin PBXBuildFile section */
		ECF42C582280C99800DDE792 /* AppDelegate.swift in Sources */ = {isa = PBXBuildFile; fileRef = ECF42C572280C99800DDE792 /* AppDelegate.swift */; };
		ECF42C5A2280C99800DDE792 /* ViewController.swift in Sources */ = {isa = PBXBuildFile; fileRef = ECF42C592280C99800DDE792 /* ViewController.swift */; };
		ECF42C5D2280C99800DDE792 /* Main.storyboard in Resources */ = {isa = PBXBuildFile; fileRef = ECF42C5B2280C99800DDE792 /* Main.storyboard */; };
		ECF42C5F2280C99900DDE792 /* Assets.xcassets in Resources */ = {isa = PBXBuildFile; fileRef = ECF42C5E2280C99900DDE792 /* Assets.xcassets */; };
		ECF42C622280C99900DDE792 /* LaunchScreen.storyboard in Resources */ = {isa = PBXBuildFile; fileRef = ECF42C602280C99900DDE792 /* LaunchScreen.storyboard */; };
		ECF42C6A2280CA6900DDE792 /* AlarmTableViewController.swift in Sources */ = {isa = PBXBuildFile; fileRef = ECF42C692280CA6900DDE792 /* AlarmTableViewController.swift */; };
		ECF42C6C2280CAEE00DDE792 /* AlarmDetailTableViewController.swift in Sources */ = {isa = PBXBuildFile; fileRef = ECF42C6B2280CAEE00DDE792 /* AlarmDetailTableViewController.swift */; };
		ECF42C6E2280CB1700DDE792 /* SwitchTableViewCell.swift in Sources */ = {isa = PBXBuildFile; fileRef = ECF42C6D2280CB1700DDE792 /* SwitchTableViewCell.swift */; };
		ECF42C702280D21100DDE792 /* Alarm.swift in Sources */ = {isa = PBXBuildFile; fileRef = ECF42C6F2280D21100DDE792 /* Alarm.swift */; };
		ECF42C742280D58B00DDE792 /* AlarmController.swift in Sources */ = {isa = PBXBuildFile; fileRef = ECF42C732280D58A00DDE792 /* AlarmController.swift */; };
/* End PBXBuildFile section */

/* Begin PBXFileReference section */
		ECF42C542280C99800DDE792 /* Alarm.app */ = {isa = PBXFileReference; explicitFileType = wrapper.application; includeInIndex = 0; path = Alarm.app; sourceTree = BUILT_PRODUCTS_DIR; };
		ECF42C572280C99800DDE792 /* AppDelegate.swift */ = {isa = PBXFileReference; lastKnownFileType = sourcecode.swift; path = AppDelegate.swift; sourceTree = "<group>"; };
		ECF42C592280C99800DDE792 /* ViewController.swift */ = {isa = PBXFileReference; lastKnownFileType = sourcecode.swift; path = ViewController.swift; sourceTree = "<group>"; };
		ECF42C5C2280C99800DDE792 /* Base */ = {isa = PBXFileReference; lastKnownFileType = file.storyboard; name = Base; path = Base.lproj/Main.storyboard; sourceTree = "<group>"; };
		ECF42C5E2280C99900DDE792 /* Assets.xcassets */ = {isa = PBXFileReference; lastKnownFileType = folder.assetcatalog; path = Assets.xcassets; sourceTree = "<group>"; };
		ECF42C612280C99900DDE792 /* Base */ = {isa = PBXFileReference; lastKnownFileType = file.storyboard; name = Base; path = Base.lproj/LaunchScreen.storyboard; sourceTree = "<group>"; };
		ECF42C632280C99900DDE792 /* Info.plist */ = {isa = PBXFileReference; lastKnownFileType = text.plist.xml; path = Info.plist; sourceTree = "<group>"; };
		ECF42C692280CA6900DDE792 /* AlarmTableViewController.swift */ = {isa = PBXFileReference; lastKnownFileType = sourcecode.swift; path = AlarmTableViewController.swift; sourceTree = "<group>"; };
		ECF42C6B2280CAEE00DDE792 /* AlarmDetailTableViewController.swift */ = {isa = PBXFileReference; lastKnownFileType = sourcecode.swift; path = AlarmDetailTableViewController.swift; sourceTree = "<group>"; };
		ECF42C6D2280CB1700DDE792 /* SwitchTableViewCell.swift */ = {isa = PBXFileReference; lastKnownFileType = sourcecode.swift; path = SwitchTableViewCell.swift; sourceTree = "<group>"; };
		ECF42C6F2280D21100DDE792 /* Alarm.swift */ = {isa = PBXFileReference; lastKnownFileType = sourcecode.swift; path = Alarm.swift; sourceTree = "<group>"; };
		ECF42C732280D58A00DDE792 /* AlarmController.swift */ = {isa = PBXFileReference; lastKnownFileType = sourcecode.swift; path = AlarmController.swift; sourceTree = "<group>"; };
/* End PBXFileReference section */

/* Begin PBXFrameworksBuildPhase section */
		ECF42C512280C99800DDE792 /* Frameworks */ = {
			isa = PBXFrameworksBuildPhase;
			buildActionMask = 2147483647;
			files = (
			);
			runOnlyForDeploymentPostprocessing = 0;
		};
/* End PBXFrameworksBuildPhase section */

/* Begin PBXGroup section */
		ECF42C4B2280C99800DDE792 = {
			isa = PBXGroup;
			children = (
				ECF42C562280C99800DDE792 /* Alarm */,
				ECF42C552280C99800DDE792 /* Products */,
			);
			sourceTree = "<group>";
		};
		ECF42C552280C99800DDE792 /* Products */ = {
			isa = PBXGroup;
			children = (
				ECF42C542280C99800DDE792 /* Alarm.app */,
			);
			name = Products;
			sourceTree = "<group>";
		};
		ECF42C562280C99800DDE792 /* Alarm */ = {
			isa = PBXGroup;
			children = (
				ECF42C572280C99800DDE792 /* AppDelegate.swift */,
				ECF42C592280C99800DDE792 /* ViewController.swift */,
				ECF42C5B2280C99800DDE792 /* Main.storyboard */,
				ECF42C5E2280C99900DDE792 /* Assets.xcassets */,
				ECF42C602280C99900DDE792 /* LaunchScreen.storyboard */,
				ECF42C632280C99900DDE792 /* Info.plist */,
				ECF42C712280D55000DDE792 /* Model */,
				ECF42C752280DC9E00DDE792 /* ModelController */,
				ECF42C722280D56C00DDE792 /* ViewController */,
			);
			path = Alarm;
			sourceTree = "<group>";
		};
		ECF42C712280D55000DDE792 /* Model */ = {
			isa = PBXGroup;
			children = (
				ECF42C6F2280D21100DDE792 /* Alarm.swift */,
			);
			path = Model;
			sourceTree = "<group>";
		};
		ECF42C722280D56C00DDE792 /* ViewController */ = {
			isa = PBXGroup;
			children = (
				ECF42C6D2280CB1700DDE792 /* SwitchTableViewCell.swift */,
				ECF42C692280CA6900DDE792 /* AlarmTableViewController.swift */,
				ECF42C6B2280CAEE00DDE792 /* AlarmDetailTableViewController.swift */,
			);
			path = ViewController;
			sourceTree = "<group>";
		};
		ECF42C752280DC9E00DDE792 /* ModelController */ = {
			isa = PBXGroup;
			children = (
				ECF42C732280D58A00DDE792 /* AlarmController.swift */,
			);
			path = ModelController;
			sourceTree = "<group>";
		};
/* End PBXGroup section */

/* Begin PBXNativeTarget section */
		ECF42C532280C99800DDE792 /* Alarm */ = {
			isa = PBXNativeTarget;
			buildConfigurationList = ECF42C662280C99900DDE792 /* Build configuration list for PBXNativeTarget "Alarm" */;
			buildPhases = (
				ECF42C502280C99800DDE792 /* Sources */,
				ECF42C512280C99800DDE792 /* Frameworks */,
				ECF42C522280C99800DDE792 /* Resources */,
			);
			buildRules = (
			);
			dependencies = (
			);
			name = Alarm;
			productName = Alarm;
			productReference = ECF42C542280C99800DDE792 /* Alarm.app */;
			productType = "com.apple.product-type.application";
		};
/* End PBXNativeTarget section */

/* Begin PBXProject section */
		ECF42C4C2280C99800DDE792 /* Project object */ = {
			isa = PBXProject;
			attributes = {
				LastSwiftUpdateCheck = 1020;
				LastUpgradeCheck = 1020;
				ORGANIZATIONNAME = "Lo Howard";
				TargetAttributes = {
					ECF42C532280C99800DDE792 = {
						CreatedOnToolsVersion = 10.2.1;
					};
				};
			};
			buildConfigurationList = ECF42C4F2280C99800DDE792 /* Build configuration list for PBXProject "Alarm" */;
			compatibilityVersion = "Xcode 9.3";
			developmentRegion = en;
			hasScannedForEncodings = 0;
			knownRegions = (
				en,
				Base,
			);
			mainGroup = ECF42C4B2280C99800DDE792;
			productRefGroup = ECF42C552280C99800DDE792 /* Products */;
			projectDirPath = "";
			projectRoot = "";
			targets = (
				ECF42C532280C99800DDE792 /* Alarm */,
			);
		};
/* End PBXProject section */

/* Begin PBXResourcesBuildPhase section */
		ECF42C522280C99800DDE792 /* Resources */ = {
			isa = PBXResourcesBuildPhase;
			buildActionMask = 2147483647;
			files = (
				ECF42C622280C99900DDE792 /* LaunchScreen.storyboard in Resources */,
				ECF42C5F2280C99900DDE792 /* Assets.xcassets in Resources */,
				ECF42C5D2280C99800DDE792 /* Main.storyboard in Resources */,
			);
			runOnlyForDeploymentPostprocessing = 0;
		};
/* End PBXResourcesBuildPhase section */

/* Begin PBXSourcesBuildPhase section */
		ECF42C502280C99800DDE792 /* Sources */ = {
			isa = PBXSourcesBuildPhase;
			buildActionMask = 2147483647;
			files = (
				ECF42C5A2280C99800DDE792 /* ViewController.swift in Sources */,
				ECF42C6A2280CA6900DDE792 /* AlarmTableViewController.swift in Sources */,
				ECF42C6E2280CB1700DDE792 /* SwitchTableViewCell.swift in Sources */,
				ECF42C6C2280CAEE00DDE792 /* AlarmDetailTableViewController.swift in Sources */,
				ECF42C582280C99800DDE792 /* AppDelegate.swift in Sources */,
				ECF42C702280D21100DDE792 /* Alarm.swift in Sources */,
				ECF42C742280D58B00DDE792 /* AlarmController.swift in Sources */,
			);
			runOnlyForDeploymentPostprocessing = 0;
		};
/* End PBXSourcesBuildPhase section */

/* Begin PBXVariantGroup section */
		ECF42C5B2280C99800DDE792 /* Main.storyboard */ = {
			isa = PBXVariantGroup;
			children = (
				ECF42C5C2280C99800DDE792 /* Base */,
			);
			name = Main.storyboard;
			sourceTree = "<group>";
		};
		ECF42C602280C99900DDE792 /* LaunchScreen.storyboard */ = {
			isa = PBXVariantGroup;
			children = (
				ECF42C612280C99900DDE792 /* Base */,
			);
			name = LaunchScreen.storyboard;
			sourceTree = "<group>";
		};
/* End PBXVariantGroup section */

/* Begin XCBuildConfiguration section */
		ECF42C642280C99900DDE792 /* Debug */ = {
			isa = XCBuildConfiguration;
			buildSettings = {
				ALWAYS_SEARCH_USER_PATHS = NO;
				CLANG_ANALYZER_NONNULL = YES;
				CLANG_ANALYZER_NUMBER_OBJECT_CONVERSION = YES_AGGRESSIVE;
				CLANG_CXX_LANGUAGE_STANDARD = "gnu++14";
				CLANG_CXX_LIBRARY = "libc++";
				CLANG_ENABLE_MODULES = YES;
				CLANG_ENABLE_OBJC_ARC = YES;
				CLANG_ENABLE_OBJC_WEAK = YES;
				CLANG_WARN_BLOCK_CAPTURE_AUTORELEASING = YES;
				CLANG_WARN_BOOL_CONVERSION = YES;
				CLANG_WARN_COMMA = YES;
				CLANG_WARN_CONSTANT_CONVERSION = YES;
				CLANG_WARN_DEPRECATED_OBJC_IMPLEMENTATIONS = YES;
				CLANG_WARN_DIRECT_OBJC_ISA_USAGE = YES_ERROR;
				CLANG_WARN_DOCUMENTATION_COMMENTS = YES;
				CLANG_WARN_EMPTY_BODY = YES;
				CLANG_WARN_ENUM_CONVERSION = YES;
				CLANG_WARN_INFINITE_RECURSION = YES;
				CLANG_WARN_INT_CONVERSION = YES;
				CLANG_WARN_NON_LITERAL_NULL_CONVERSION = YES;
				CLANG_WARN_OBJC_IMPLICIT_RETAIN_SELF = YES;
				CLANG_WARN_OBJC_LITERAL_CONVERSION = YES;
				CLANG_WARN_OBJC_ROOT_CLASS = YES_ERROR;
				CLANG_WARN_RANGE_LOOP_ANALYSIS = YES;
				CLANG_WARN_STRICT_PROTOTYPES = YES;
				CLANG_WARN_SUSPICIOUS_MOVE = YES;
				CLANG_WARN_UNGUARDED_AVAILABILITY = YES_AGGRESSIVE;
				CLANG_WARN_UNREACHABLE_CODE = YES;
				CLANG_WARN__DUPLICATE_METHOD_MATCH = YES;
				CODE_SIGN_IDENTITY = "iPhone Developer";
				COPY_PHASE_STRIP = NO;
				DEBUG_INFORMATION_FORMAT = dwarf;
				ENABLE_STRICT_OBJC_MSGSEND = YES;
				ENABLE_TESTABILITY = YES;
				GCC_C_LANGUAGE_STANDARD = gnu11;
				GCC_DYNAMIC_NO_PIC = NO;
				GCC_NO_COMMON_BLOCKS = YES;
				GCC_OPTIMIZATION_LEVEL = 0;
				GCC_PREPROCESSOR_DEFINITIONS = (
					"DEBUG=1",
					"$(inherited)",
				);
				GCC_WARN_64_TO_32_BIT_CONVERSION = YES;
				GCC_WARN_ABOUT_RETURN_TYPE = YES_ERROR;
				GCC_WARN_UNDECLARED_SELECTOR = YES;
				GCC_WARN_UNINITIALIZED_AUTOS = YES_AGGRESSIVE;
				GCC_WARN_UNUSED_FUNCTION = YES;
				GCC_WARN_UNUSED_VARIABLE = YES;
				IPHONEOS_DEPLOYMENT_TARGET = 12.2;
				MTL_ENABLE_DEBUG_INFO = INCLUDE_SOURCE;
				MTL_FAST_MATH = YES;
				ONLY_ACTIVE_ARCH = YES;
				SDKROOT = iphoneos;
				SWIFT_ACTIVE_COMPILATION_CONDITIONS = DEBUG;
				SWIFT_OPTIMIZATION_LEVEL = "-Onone";
			};
			name = Debug;
		};
		ECF42C652280C99900DDE792 /* Release */ = {
			isa = XCBuildConfiguration;
			buildSettings = {
				ALWAYS_SEARCH_USER_PATHS = NO;
				CLANG_ANALYZER_NONNULL = YES;
				CLANG_ANALYZER_NUMBER_OBJECT_CONVERSION = YES_AGGRESSIVE;
				CLANG_CXX_LANGUAGE_STANDARD = "gnu++14";
				CLANG_CXX_LIBRARY = "libc++";
				CLANG_ENABLE_MODULES = YES;
				CLANG_ENABLE_OBJC_ARC = YES;
				CLANG_ENABLE_OBJC_WEAK = YES;
				CLANG_WARN_BLOCK_CAPTURE_AUTORELEASING = YES;
				CLANG_WARN_BOOL_CONVERSION = YES;
				CLANG_WARN_COMMA = YES;
				CLANG_WARN_CONSTANT_CONVERSION = YES;
				CLANG_WARN_DEPRECATED_OBJC_IMPLEMENTATIONS = YES;
				CLANG_WARN_DIRECT_OBJC_ISA_USAGE = YES_ERROR;
				CLANG_WARN_DOCUMENTATION_COMMENTS = YES;
				CLANG_WARN_EMPTY_BODY = YES;
				CLANG_WARN_ENUM_CONVERSION = YES;
				CLANG_WARN_INFINITE_RECURSION = YES;
				CLANG_WARN_INT_CONVERSION = YES;
				CLANG_WARN_NON_LITERAL_NULL_CONVERSION = YES;
				CLANG_WARN_OBJC_IMPLICIT_RETAIN_SELF = YES;
				CLANG_WARN_OBJC_LITERAL_CONVERSION = YES;
				CLANG_WARN_OBJC_ROOT_CLASS = YES_ERROR;
				CLANG_WARN_RANGE_LOOP_ANALYSIS = YES;
				CLANG_WARN_STRICT_PROTOTYPES = YES;
				CLANG_WARN_SUSPICIOUS_MOVE = YES;
				CLANG_WARN_UNGUARDED_AVAILABILITY = YES_AGGRESSIVE;
				CLANG_WARN_UNREACHABLE_CODE = YES;
				CLANG_WARN__DUPLICATE_METHOD_MATCH = YES;
				CODE_SIGN_IDENTITY = "iPhone Developer";
				COPY_PHASE_STRIP = NO;
				DEBUG_INFORMATION_FORMAT = "dwarf-with-dsym";
				ENABLE_NS_ASSERTIONS = NO;
				ENABLE_STRICT_OBJC_MSGSEND = YES;
				GCC_C_LANGUAGE_STANDARD = gnu11;
				GCC_NO_COMMON_BLOCKS = YES;
				GCC_WARN_64_TO_32_BIT_CONVERSION = YES;
				GCC_WARN_ABOUT_RETURN_TYPE = YES_ERROR;
				GCC_WARN_UNDECLARED_SELECTOR = YES;
				GCC_WARN_UNINITIALIZED_AUTOS = YES_AGGRESSIVE;
				GCC_WARN_UNUSED_FUNCTION = YES;
				GCC_WARN_UNUSED_VARIABLE = YES;
				IPHONEOS_DEPLOYMENT_TARGET = 12.2;
				MTL_ENABLE_DEBUG_INFO = NO;
				MTL_FAST_MATH = YES;
				SDKROOT = iphoneos;
				SWIFT_COMPILATION_MODE = wholemodule;
				SWIFT_OPTIMIZATION_LEVEL = "-O";
				VALIDATE_PRODUCT = YES;
			};
			name = Release;
		};
		ECF42C672280C99900DDE792 /* Debug */ = {
			isa = XCBuildConfiguration;
			buildSettings = {
				ASSETCATALOG_COMPILER_APPICON_NAME = AppIcon;
				CODE_SIGN_STYLE = Automatic;
				DEVELOPMENT_TEAM = VGUCD6ZAV7;
				INFOPLIST_FILE = Alarm/Info.plist;
				LD_RUNPATH_SEARCH_PATHS = (
					"$(inherited)",
					"@executable_path/Frameworks",
				);
				PRODUCT_BUNDLE_IDENTIFIER = com.Lo.Alarm;
				PRODUCT_NAME = "$(TARGET_NAME)";
				SWIFT_VERSION = 5.0;
				TARGETED_DEVICE_FAMILY = "1,2";
			};
			name = Debug;
		};
		ECF42C682280C99900DDE792 /* Release */ = {
			isa = XCBuildConfiguration;
			buildSettings = {
				ASSETCATALOG_COMPILER_APPICON_NAME = AppIcon;
				CODE_SIGN_STYLE = Automatic;
				DEVELOPMENT_TEAM = VGUCD6ZAV7;
				INFOPLIST_FILE = Alarm/Info.plist;
				LD_RUNPATH_SEARCH_PATHS = (
					"$(inherited)",
					"@executable_path/Frameworks",
				);
				PRODUCT_BUNDLE_IDENTIFIER = com.Lo.Alarm;
				PRODUCT_NAME = "$(TARGET_NAME)";
				SWIFT_VERSION = 5.0;
				TARGETED_DEVICE_FAMILY = "1,2";
			};
			name = Release;
		};
/* End XCBuildConfiguration section */

/* Begin XCConfigurationList section */
		ECF42C4F2280C99800DDE792 /* Build configuration list for PBXProject "Alarm" */ = {
			isa = XCConfigurationList;
			buildConfigurations = (
				ECF42C642280C99900DDE792 /* Debug */,
				ECF42C652280C99900DDE792 /* Release */,
			);
			defaultConfigurationIsVisible = 0;
			defaultConfigurationName = Release;
		};
		ECF42C662280C99900DDE792 /* Build configuration list for PBXNativeTarget "Alarm" */ = {
			isa = XCConfigurationList;
			buildConfigurations = (
				ECF42C672280C99900DDE792 /* Debug */,
				ECF42C682280C99900DDE792 /* Release */,
			);
			defaultConfigurationIsVisible = 0;
			defaultConfigurationName = Release;
		};
/* End XCConfigurationList section */
	};
	rootObject = ECF42C4C2280C99800DDE792 /* Project object */;
}
